
Microsoft Visual Studio Solution File, Format Version 12.00
# Visual Studio Version 16
VisualStudioVersion = 16.0.30611.23
MinimumVisualStudioVersion = 10.0.40219.1
Project("{FAE04EC0-301F-11D3-BF4B-00C04F79EFBC}") = "ДЗ", "ДЗ.csproj", "{BF5726EA-2E57-4704-B23C-2CA45D749598}"
EndProject
Global
	GlobalSection(SolutionConfigurationPlatforms) = preSolution
		Debug|Any CPU = Debug|Any CPU
		Release|Any CPU = Release|Any CPU
	EndGlobalSection
	GlobalSection(ProjectConfigurationPlatforms) = postSolution
		{BF5726EA-2E57-4704-B23C-2CA45D749598}.Debug|Any CPU.ActiveCfg = Debug|Any CPU
		{BF5726EA-2E57-4704-B23C-2CA45D749598}.Debug|Any CPU.Build.0 = Debug|Any CPU
		{BF5726EA-2E57-4704-B23C-2CA45D749598}.Release|Any CPU.ActiveCfg = Release|Any CPU
		{BF5726EA-2E57-4704-B23C-2CA45D749598}.Release|Any CPU.Build.0 = Release|Any CPU
	EndGlobalSection
	GlobalSection(SolutionProperties) = preSolution
		HideSolutionNode = FALSE
	EndGlobalSection
	GlobalSection(ExtensibilityGlobals) = postSolution
		SolutionGuid = {830B8608-2AD3-45ED-9D3D-7D94FAD0376B}
	EndGlobalSection
EndGlobal
