
Microsoft Visual Studio Solution File, Format Version 12.00
# Visual Studio Version 16
VisualStudioVersion = 16.0.30611.23
MinimumVisualStudioVersion = 10.0.40219.1
Project("{FAE04EC0-301F-11D3-BF4B-00C04F79EFBC}") = "Лаба6", "Лаба6.csproj", "{BF3F2B47-89B8-4656-A562-5B6FEECDFDA9}"
EndProject
Global
	GlobalSection(SolutionConfigurationPlatforms) = preSolution
		Debug|Any CPU = Debug|Any CPU
		Release|Any CPU = Release|Any CPU
	EndGlobalSection
	GlobalSection(ProjectConfigurationPlatforms) = postSolution
		{BF3F2B47-89B8-4656-A562-5B6FEECDFDA9}.Debug|Any CPU.ActiveCfg = Debug|Any CPU
		{BF3F2B47-89B8-4656-A562-5B6FEECDFDA9}.Debug|Any CPU.Build.0 = Debug|Any CPU
		{BF3F2B47-89B8-4656-A562-5B6FEECDFDA9}.Release|Any CPU.ActiveCfg = Release|Any CPU
		{BF3F2B47-89B8-4656-A562-5B6FEECDFDA9}.Release|Any CPU.Build.0 = Release|Any CPU
	EndGlobalSection
	GlobalSection(SolutionProperties) = preSolution
		HideSolutionNode = FALSE
	EndGlobalSection
	GlobalSection(ExtensibilityGlobals) = postSolution
		SolutionGuid = {A436E64D-75D7-44DA-AF43-7ACE7FB327EA}
	EndGlobalSection
EndGlobal
